
Microsoft Visual Studio Solution File, Format Version 12.00
# Visual Studio Version 16
VisualStudioVersion = 16.0.30225.117
MinimumVisualStudioVersion = 10.0.40219.1
Project("{888888A0-9F3D-457C-B088-3A5042F75D52}") = "Fractals", "Fractals\Fractals.pyproj", "{F47AE108-3F88-4684-B7FD-F37AB8A0ACE8}"
EndProject
Global
	GlobalSection(SolutionConfigurationPlatforms) = preSolution
		Debug|Any CPU = Debug|Any CPU
		Release|Any CPU = Release|Any CPU
	EndGlobalSection
	GlobalSection(ProjectConfigurationPlatforms) = postSolution
		{F47AE108-3F88-4684-B7FD-F37AB8A0ACE8}.Debug|Any CPU.ActiveCfg = Debug|Any CPU
		{F47AE108-3F88-4684-B7FD-F37AB8A0ACE8}.Release|Any CPU.ActiveCfg = Release|Any CPU
	EndGlobalSection
	GlobalSection(SolutionProperties) = preSolution
		HideSolutionNode = FALSE
	EndGlobalSection
	GlobalSection(ExtensibilityGlobals) = postSolution
		SolutionGuid = {0F4A691A-2DB6-461C-82EB-DA37C04D3083}
	EndGlobalSection
EndGlobal
